
Microsoft Visual Studio Solution File, Format Version 12.00
Project("{FAE04EC0-301F-11D3-BF4B-00C04F79EFBC}") = "MovieApi", "MovieApi\MovieApi.csproj", "{DE8FD6BC-4117-4CAD-9DDC-46A72CE24EDA}"
EndProject
Global
	GlobalSection(SolutionConfigurationPlatforms) = preSolution
		Debug|Any CPU = Debug|Any CPU
		Release|Any CPU = Release|Any CPU
	EndGlobalSection
	GlobalSection(ProjectConfigurationPlatforms) = postSolution
		{DE8FD6BC-4117-4CAD-9DDC-46A72CE24EDA}.Debug|Any CPU.ActiveCfg = Debug|Any CPU
		{DE8FD6BC-4117-4CAD-9DDC-46A72CE24EDA}.Debug|Any CPU.Build.0 = Debug|Any CPU
		{DE8FD6BC-4117-4CAD-9DDC-46A72CE24EDA}.Release|Any CPU.ActiveCfg = Release|Any CPU
		{DE8FD6BC-4117-4CAD-9DDC-46A72CE24EDA}.Release|Any CPU.Build.0 = Release|Any CPU
	EndGlobalSection
EndGlobal
